
Microsoft Visual Studio Solution File, Format Version 12.00
# Visual Studio Version 16
VisualStudioVersion = 16.0.30611.23
MinimumVisualStudioVersion = 10.0.40219.1
Project("{FAE04EC0-301F-11D3-BF4B-00C04F79EFBC}") = "LearningToolMVC", "LearningToolMVC\LearningToolMVC.csproj", "{C248FC17-FC39-4891-82FA-3FECD3D3B28D}"
EndProject
Global
	GlobalSection(SolutionConfigurationPlatforms) = preSolution
		Debug|Any CPU = Debug|Any CPU
		Release|Any CPU = Release|Any CPU
	EndGlobalSection
	GlobalSection(ProjectConfigurationPlatforms) = postSolution
		{C248FC17-FC39-4891-82FA-3FECD3D3B28D}.Debug|Any CPU.ActiveCfg = Debug|Any CPU
		{C248FC17-FC39-4891-82FA-3FECD3D3B28D}.Debug|Any CPU.Build.0 = Debug|Any CPU
		{C248FC17-FC39-4891-82FA-3FECD3D3B28D}.Release|Any CPU.ActiveCfg = Release|Any CPU
		{C248FC17-FC39-4891-82FA-3FECD3D3B28D}.Release|Any CPU.Build.0 = Release|Any CPU
	EndGlobalSection
	GlobalSection(SolutionProperties) = preSolution
		HideSolutionNode = FALSE
	EndGlobalSection
	GlobalSection(ExtensibilityGlobals) = postSolution
		SolutionGuid = {793097B2-973C-47C5-805D-7F9151CA0DF8}
	EndGlobalSection
EndGlobal
